{
    "friendsofphp/php-cs-fixer": {
        "version": "3.75",
        "recipe": {
            "repo": "github.com/symfony/recipes",
            "branch": "main",
            "version": "3.0",
            "ref": "be2103eb4a20942e28a6dd87736669b757132435"
        },
        "files": [
            ".php-cs-fixer.dist.php"
        ]
    },
    "friendsofsymfony/jsrouting-bundle": {
        "version": "3.5",
        "recipe": {
            "repo": "github.com/symfony/recipes-contrib",
            "branch": "main",
            "version": "2.3",
            "ref": "a9f2e49180f75cdc71ae279a929c4b2e0638de84"
        }
    },
    "knpuniversity/oauth2-client-bundle": {
        "version": "2.18",
        "recipe": {
            "repo": "github.com/symfony/recipes-contrib",
            "branch": "main",
            "version": "1.20",
            "ref": "1ff300d8c030f55c99219cc55050b97a695af3f6"
        }
    },
    "league/flysystem-bundle": {
        "version": "3.4",
        "recipe": {
            "repo": "github.com/symfony/recipes",
            "branch": "main",
            "version": "1.0",
            "ref": "913dc3d7a5a1af0d2b044c5ac3a16e2f851d7380"
        },
        "files": [
            "config/packages/flysystem.yaml",
            "var/storage/.gitignore"
        ]
    },
    "nelmio/api-doc-bundle": {
        "version": "5.0",
        "recipe": {
            "repo": "github.com/symfony/recipes-contrib",
            "branch": "main",
            "version": "3.0",
            "ref": "c8e0c38e1a280ab9e37587a8fa32b251d5bc1c94"
        }
    },
    "pentatrion/vite-bundle": {
        "version": "8.1",
        "recipe": {
            "repo": "github.com/symfony/recipes-contrib",
            "branch": "main",
            "version": "6.5",
            "ref": "3a6673f248f8fc1dd364dadfef4c5b381d1efab6"
        }
    },
    "phpstan/phpstan": {
        "version": "2.1",
        "recipe": {
            "repo": "github.com/symfony/recipes-contrib",
            "branch": "main",
            "version": "1.0",
            "ref": "5e490cc197fb6bb1ae22e5abbc531ddc633b6767"
        }
    },
    "symfony/console": {
        "version": "6.4",
        "recipe": {
            "repo": "github.com/symfony/recipes",
            "branch": "main",
            "version": "5.3",
            "ref": "1781ff40d8a17d87cf53f8d4cf0c8346ed2bb461"
        },
        "files": [
            "bin/console"
        ]
    },
    "symfony/debug-bundle": {
        "version": "6.4",
        "recipe": {
            "repo": "github.com/symfony/recipes",
            "branch": "main",
            "version": "5.3",
            "ref": "5aa8aa48234c8eb6dbdd7b3cd5d791485d2cec4b"
        },
        "files": [
            "config/packages/debug.yaml"
        ]
    },
    "symfony/flex": {
        "version": "2.5",
        "recipe": {
            "repo": "github.com/symfony/recipes",
            "branch": "main",
            "version": "2.4",
            "ref": "52e9754527a15e2b79d9a610f98185a1fe46622a"
        },
        "files": [
            ".env",
            ".env.dev"
        ]
    },
    "symfony/framework-bundle": {
        "version": "6.4",
        "recipe": {
            "repo": "github.com/symfony/recipes",
            "branch": "main",
            "version": "6.4",
            "ref": "32126346f25e1cee607cc4aa6783d46034920554"
        },
        "files": [
            "config/packages/cache.yaml",
            "config/packages/framework.yaml",
            "config/preload.php",
            "config/routes/framework.yaml",
            "config/services.yaml",
            "public/index.php",
            "src/Controller/.gitignore",
            "src/Kernel.php"
        ]
    },
    "symfony/mailer": {
        "version": "6.4",
        "recipe": {
            "repo": "github.com/symfony/recipes",
            "branch": "main",
            "version": "4.3",
            "ref": "09051cfde49476e3c12cd3a0e44289ace1c75a4f"
        },
        "files": [
            "config/packages/mailer.yaml"
        ]
    },
    "symfony/maker-bundle": {
        "version": "1.63",
        "recipe": {
            "repo": "github.com/symfony/recipes",
            "branch": "main",
            "version": "1.0",
            "ref": "fadbfe33303a76e25cb63401050439aa9b1a9c7f"
        }
    },
    "symfony/monolog-bundle": {
        "version": "3.10",
        "recipe": {
            "repo": "github.com/symfony/recipes",
            "branch": "main",
            "version": "3.7",
            "ref": "aff23899c4440dd995907613c1dd709b6f59503f"
        },
        "files": [
            "config/packages/monolog.yaml"
        ]
    },
    "symfony/notifier": {
        "version": "6.4",
        "recipe": {
            "repo": "github.com/symfony/recipes",
            "branch": "main",
            "version": "5.0",
            "ref": "178877daf79d2dbd62129dd03612cb1a2cb407cc"
        },
        "files": [
            "config/packages/notifier.yaml"
        ]
    },
    "symfony/routing": {
        "version": "6.4",
        "recipe": {
            "repo": "github.com/symfony/recipes",
            "branch": "main",
            "version": "6.2",
            "ref": "e0a11b4ccb8c9e70b574ff5ad3dfdcd41dec5aa6"
        },
        "files": [
            "config/packages/routing.yaml",
            "config/routes.yaml"
        ]
    },
    "symfony/security-bundle": {
        "version": "6.4",
        "recipe": {
            "repo": "github.com/symfony/recipes",
            "branch": "main",
            "version": "6.4",
            "ref": "2ae08430db28c8eb4476605894296c82a642028f"
        },
        "files": [
            "config/packages/security.yaml",
            "config/routes/security.yaml"
        ]
    },
    "symfony/translation": {
        "version": "6.4",
        "recipe": {
            "repo": "github.com/symfony/recipes",
            "branch": "main",
            "version": "6.3",
            "ref": "e28e27f53663cc34f0be2837aba18e3a1bef8e7b"
        },
        "files": [
            "config/packages/translation.yaml",
            "translations/.gitignore"
        ]
    },
    "symfony/twig-bundle": {
        "version": "6.4",
        "recipe": {
            "repo": "github.com/symfony/recipes",
            "branch": "main",
            "version": "6.4",
            "ref": "cab5fd2a13a45c266d45a7d9337e28dee6272877"
        },
        "files": [
            "config/packages/twig.yaml",
            "templates/base.html.twig"
        ]
    },
    "symfony/uid": {
        "version": "6.4",
        "recipe": {
            "repo": "github.com/symfony/recipes",
            "branch": "main",
            "version": "6.2",
            "ref": "d294ad4add3e15d7eb1bae0221588ca89b38e558"
        },
        "files": [
            "config/packages/uid.yaml"
        ]
    },
    "symfony/validator": {
        "version": "6.4",
        "recipe": {
            "repo": "github.com/symfony/recipes",
            "branch": "main",
            "version": "5.3",
            "ref": "c32cfd98f714894c4f128bb99aa2530c1227603c"
        },
        "files": [
            "config/packages/validator.yaml"
        ]
    },
    "symfony/web-profiler-bundle": {
        "version": "6.4",
        "recipe": {
            "repo": "github.com/symfony/recipes",
            "branch": "main",
            "version": "6.1",
            "ref": "8b51135b84f4266e3b4c8a6dc23c9d1e32e543b7"
        },
        "files": [
            "config/packages/web_profiler.yaml",
            "config/routes/web_profiler.yaml"
        ]
    },
    "twig/extra-bundle": {
        "version": "v3.21.0"
    },
    "vincentlanglet/twig-cs-fixer": {
        "version": "3.6",
        "recipe": {
            "repo": "github.com/symfony/recipes-contrib",
            "branch": "main",
            "version": "3.0",
            "ref": "d42582ae1bce86fd43491d6264c738b0867f8ffe"
        }
    }
}
